hash: 458330a771c5940c8104a21a0ed348eb878faf6f6b5f428b95df4b92334c74e3
updated: 2019-01-06T23:44:46.736993068+08:00
imports:
- name: github.com/go-sql-driver/mysql
  version: 72cd26f257d44c1114970e19afddcd812016007e
- name: github.com/go-yaml/yaml
  version: 51d6538a90f86fe93ac480b35f37b2be17fef232
- name: github.com/husobee/vestigo
  version: f8f5b5dc2bd74408887fd4b462055e324c4cbd63
- name: github.com/justinas/alice
  version: 03f45bd4b7dad4734bc4620e46a35789349abb20
- name: github.com/mattn/go-sqlite3
  version: 25ecb14adfc7543176f7d85291ec7dba82c6f7e4
- name: github.com/satori/go.uuid
  version: f58768cc1a7a7e77a3bd49e98cdd21419399b6a3
- name: google.golang.org/appengine
  version: e9657d882bb81064595ca3b56cbe2546bbabf7b1
  subpackages:
  - cloudsql
- name: gopkg.in/gographics/imagick.v2
  version: 3fa86e04cecbb52b3410c8937f4505f43841bcd6
  subpackages:
  - imagick
  - imagick/types
testImports: []
